
Microsoft Visual Studio Solution File, Format Version 12.00
# Visual Studio Version 17
VisualStudioVersion = 17.5.33424.131
MinimumVisualStudioVersion = 10.0.40219.1
Project("{8BC9CEB8-8B4A-11D0-8D11-00A0C91BC942}") = "pointer_033", "pointer_033\pointer_033.vcxproj", "{086B9E19-5A3D-4BCD-843F-793838A65120}"
EndProject
Project("{8BC9CEB8-8B4A-11D0-8D11-00A0C91BC942}") = "pointer2", "pointer2\pointer2.vcxproj", "{B912D7B4-0B11-43FB-8F7B-EDC6194420BC}"
EndProject
Project("{8BC9CEB8-8B4A-11D0-8D11-00A0C91BC942}") = "friendclass", "friendclass\friendclass.vcxproj", "{66713A3F-6252-47E0-B8B4-3D6102F07C79}"
EndProject
Project("{8BC9CEB8-8B4A-11D0-8D11-00A0C91BC942}") = "friendclass2", "friendclass2\friendclass2.vcxproj", "{7B2A5F28-A687-45FD-B4B5-FA00F5C6F388}"
EndProject
Project("{8BC9CEB8-8B4A-11D0-8D11-00A0C91BC942}") = "friendclass3", "friendclass3\friendclass3.vcxproj", "{05187C81-7DC5-4F75-AD13-0AE89CFE22A0}"
EndProject
Global
	GlobalSection(SolutionConfigurationPlatforms) = preSolution
		Debug|x64 = Debug|x64
		Debug|x86 = Debug|x86
		Release|x64 = Release|x64
		Release|x86 = Release|x86
	EndGlobalSection
	GlobalSection(ProjectConfigurationPlatforms) = postSolution
		{086B9E19-5A3D-4BCD-843F-793838A65120}.Debug|x64.ActiveCfg = Debug|x64
		{086B9E19-5A3D-4BCD-843F-793838A65120}.Debug|x64.Build.0 = Debug|x64
		{086B9E19-5A3D-4BCD-843F-793838A65120}.Debug|x86.ActiveCfg = Debug|Win32
		{086B9E19-5A3D-4BCD-843F-793838A65120}.Debug|x86.Build.0 = Debug|Win32
		{086B9E19-5A3D-4BCD-843F-793838A65120}.Release|x64.ActiveCfg = Release|x64
		{086B9E19-5A3D-4BCD-843F-793838A65120}.Release|x64.Build.0 = Release|x64
		{086B9E19-5A3D-4BCD-843F-793838A65120}.Release|x86.ActiveCfg = Release|Win32
		{086B9E19-5A3D-4BCD-843F-793838A65120}.Release|x86.Build.0 = Release|Win32
		{B912D7B4-0B11-43FB-8F7B-EDC6194420BC}.Debug|x64.ActiveCfg = Debug|x64
		{B912D7B4-0B11-43FB-8F7B-EDC6194420BC}.Debug|x64.Build.0 = Debug|x64
		{B912D7B4-0B11-43FB-8F7B-EDC6194420BC}.Debug|x86.ActiveCfg = Debug|Win32
		{B912D7B4-0B11-43FB-8F7B-EDC6194420BC}.Debug|x86.Build.0 = Debug|Win32
		{B912D7B4-0B11-43FB-8F7B-EDC6194420BC}.Release|x64.ActiveCfg = Release|x64
		{B912D7B4-0B11-43FB-8F7B-EDC6194420BC}.Release|x64.Build.0 = Release|x64
		{B912D7B4-0B11-43FB-8F7B-EDC6194420BC}.Release|x86.ActiveCfg = Release|Win32
		{B912D7B4-0B11-43FB-8F7B-EDC6194420BC}.Release|x86.Build.0 = Release|Win32
		{66713A3F-6252-47E0-B8B4-3D6102F07C79}.Debug|x64.ActiveCfg = Debug|x64
		{66713A3F-6252-47E0-B8B4-3D6102F07C79}.Debug|x64.Build.0 = Debug|x64
		{66713A3F-6252-47E0-B8B4-3D6102F07C79}.Debug|x86.ActiveCfg = Debug|Win32
		{66713A3F-6252-47E0-B8B4-3D6102F07C79}.Debug|x86.Build.0 = Debug|Win32
		{66713A3F-6252-47E0-B8B4-3D6102F07C79}.Release|x64.ActiveCfg = Release|x64
		{66713A3F-6252-47E0-B8B4-3D6102F07C79}.Release|x64.Build.0 = Release|x64
		{66713A3F-6252-47E0-B8B4-3D6102F07C79}.Release|x86.ActiveCfg = Release|Win32
		{66713A3F-6252-47E0-B8B4-3D6102F07C79}.Release|x86.Build.0 = Release|Win32
		{7B2A5F28-A687-45FD-B4B5-FA00F5C6F388}.Debug|x64.ActiveCfg = Debug|x64
		{7B2A5F28-A687-45FD-B4B5-FA00F5C6F388}.Debug|x64.Build.0 = Debug|x64
		{7B2A5F28-A687-45FD-B4B5-FA00F5C6F388}.Debug|x86.ActiveCfg = Debug|Win32
		{7B2A5F28-A687-45FD-B4B5-FA00F5C6F388}.Debug|x86.Build.0 = Debug|Win32
		{7B2A5F28-A687-45FD-B4B5-FA00F5C6F388}.Release|x64.ActiveCfg = Release|x64
		{7B2A5F28-A687-45FD-B4B5-FA00F5C6F388}.Release|x64.Build.0 = Release|x64
		{7B2A5F28-A687-45FD-B4B5-FA00F5C6F388}.Release|x86.ActiveCfg = Release|Win32
		{7B2A5F28-A687-45FD-B4B5-FA00F5C6F388}.Release|x86.Build.0 = Release|Win32
		{05187C81-7DC5-4F75-AD13-0AE89CFE22A0}.Debug|x64.ActiveCfg = Debug|x64
		{05187C81-7DC5-4F75-AD13-0AE89CFE22A0}.Debug|x64.Build.0 = Debug|x64
		{05187C81-7DC5-4F75-AD13-0AE89CFE22A0}.Debug|x86.ActiveCfg = Debug|Win32
		{05187C81-7DC5-4F75-AD13-0AE89CFE22A0}.Debug|x86.Build.0 = Debug|Win32
		{05187C81-7DC5-4F75-AD13-0AE89CFE22A0}.Release|x64.ActiveCfg = Release|x64
		{05187C81-7DC5-4F75-AD13-0AE89CFE22A0}.Release|x64.Build.0 = Release|x64
		{05187C81-7DC5-4F75-AD13-0AE89CFE22A0}.Release|x86.ActiveCfg = Release|Win32
		{05187C81-7DC5-4F75-AD13-0AE89CFE22A0}.Release|x86.Build.0 = Release|Win32
	EndGlobalSection
	GlobalSection(SolutionProperties) = preSolution
		HideSolutionNode = FALSE
	EndGlobalSection
	GlobalSection(ExtensibilityGlobals) = postSolution
		SolutionGuid = {B9EA6327-DD54-496D-BAB8-852007859D5C}
	EndGlobalSection
EndGlobal
